// !$*UTF8*$!
{
	archiveVersion = 1;
	classes = {
	};
	objectVersion = 46;
	objects = {

/* Begin PBXBuildFile section */
		1B11C2961CACA60C00445002 /* ToggleFeedTableViewCell.swift in Sources */ = {isa = PBXBuildFile; fileRef = 1B11C2941CACA60C00445002 /* ToggleFeedTableViewCell.swift */; };
		1B11C2971CACA60C00445002 /* ToggleFeedTableViewCell.xib in Resources */ = {isa = PBXBuildFile; fileRef = 1B11C2951CACA60C00445002 /* ToggleFeedTableViewCell.xib */; };
		1B8394FA1CAB6764000811E3 /* NotificationFeedModel.swift in Sources */ = {isa = PBXBuildFile; fileRef = 1B8394F91CAB6764000811E3 /* NotificationFeedModel.swift */; };
		1B8394FF1CAB682D000811E3 /* NotificationFeedTableViewCell.swift in Sources */ = {isa = PBXBuildFile; fileRef = 1B8394FD1CAB682D000811E3 /* NotificationFeedTableViewCell.swift */; };
		1B8395001CAB682D000811E3 /* NotificationFeedTableViewCell.xib in Resources */ = {isa = PBXBuildFile; fileRef = 1B8394FE1CAB682D000811E3 /* NotificationFeedTableViewCell.xib */; };
		1BCB62C11CAD81E70045062E /* Circular+UIImageView.swift in Sources */ = {isa = PBXBuildFile; fileRef = 1BCB62C01CAD81E70045062E /* Circular+UIImageView.swift */; };
		1BF7AD791CAB04E30018E2B3 /* BroadcastFeedTableViewCell.swift in Sources */ = {isa = PBXBuildFile; fileRef = 1BF7AD771CAB04E30018E2B3 /* BroadcastFeedTableViewCell.swift */; };
		1BF7AD7A1CAB04E30018E2B3 /* BroadcastFeedTableViewCell.xib in Resources */ = {isa = PBXBuildFile; fileRef = 1BF7AD781CAB04E30018E2B3 /* BroadcastFeedTableViewCell.xib */; };
		1BF7AD7C1CAB3D050018E2B3 /* FeedModel.swift in Sources */ = {isa = PBXBuildFile; fileRef = 1BF7AD7B1CAB3D050018E2B3 /* FeedModel.swift */; };
		1BF7AD7F1CAB3DFE0018E2B3 /* BroadcastFeedModel.swift in Sources */ = {isa = PBXBuildFile; fileRef = 1BF7AD7E1CAB3DFE0018E2B3 /* BroadcastFeedModel.swift */; };
		1BF7AD811CAB3EFD0018E2B3 /* CheckInFeedModel.swift in Sources */ = {isa = PBXBuildFile; fileRef = 1BF7AD801CAB3EFD0018E2B3 /* CheckInFeedModel.swift */; };
		1BF7AD831CAB4BC30018E2B3 /* UserModel.swift in Sources */ = {isa = PBXBuildFile; fileRef = 1BF7AD821CAB4BC30018E2B3 /* UserModel.swift */; };
		1BF7AD861CAB52130018E2B3 /* CheckInFeedTableViewCell.swift in Sources */ = {isa = PBXBuildFile; fileRef = 1BF7AD841CAB52130018E2B3 /* CheckInFeedTableViewCell.swift */; };
		1BF7AD871CAB52130018E2B3 /* CheckInFeedTableViewCell.xib in Resources */ = {isa = PBXBuildFile; fileRef = 1BF7AD851CAB52130018E2B3 /* CheckInFeedTableViewCell.xib */; };
		1B0B299E1CAD8968007DC5F3 /* MGSwipeButton.m in Sources */ = {isa = PBXBuildFile; fileRef = 1B0B299B1CAD8968007DC5F3 /* MGSwipeButton.m */; };
		1B0B299F1CAD8968007DC5F3 /* MGSwipeTableCell.m in Sources */ = {isa = PBXBuildFile; fileRef = 1B0B299D1CAD8968007DC5F3 /* MGSwipeTableCell.m */; };
		1BC4E4601CAD91EF008283D3 /* ChooseAssigneeViewController.swift in Sources */ = {isa = PBXBuildFile; fileRef = 1BC4E45E1CAD91EF008283D3 /* ChooseAssigneeViewController.swift */; };
		1BC4E4611CAD91EF008283D3 /* ChooseAssigneeViewController.xib in Resources */ = {isa = PBXBuildFile; fileRef = 1BC4E45F1CAD91EF008283D3 /* ChooseAssigneeViewController.xib */; };
		1BC4E4651CAD9202008283D3 /* UserTableViewCell.swift in Sources */ = {isa = PBXBuildFile; fileRef = 1BC4E4631CAD9202008283D3 /* UserTableViewCell.swift */; };
		1BC4E4661CAD9202008283D3 /* UserTableViewCell.xib in Resources */ = {isa = PBXBuildFile; fileRef = 1BC4E4641CAD9202008283D3 /* UserTableViewCell.xib */; };
		1BC4E4691CAD921F008283D3 /* SwipableTableViewCell.swift in Sources */ = {isa = PBXBuildFile; fileRef = 1BC4E4681CAD921F008283D3 /* SwipableTableViewCell.swift */; };
		1BC4E46D1CAD92E6008283D3 /* UserAdapter.swift in Sources */ = {isa = PBXBuildFile; fileRef = 1BC4E46C1CAD92E6008283D3 /* UserAdapter.swift */; };
		A717E59A1CA1485000F237DD /* BaseTableAdapter.swift in Sources */ = {isa = PBXBuildFile; fileRef = A717E58A1CA1485000F237DD /* BaseTableAdapter.swift */; };
		A717E59B1CA1485000F237DD /* API.swift in Sources */ = {isa = PBXBuildFile; fileRef = A717E58C1CA1485000F237DD /* API.swift */; };
		A717E59C1CA1485000F237DD /* APIConnector.swift in Sources */ = {isa = PBXBuildFile; fileRef = A717E58D1CA1485000F237DD /* APIConnector.swift */; };
		A717E59D1CA1485000F237DD /* APIConnector_Module_1.swift in Sources */ = {isa = PBXBuildFile; fileRef = A717E58E1CA1485000F237DD /* APIConnector_Module_1.swift */; };
		A717E59E1CA1485000F237DD /* APIConnector_Module_2.swift in Sources */ = {isa = PBXBuildFile; fileRef = A717E58F1CA1485000F237DD /* APIConnector_Module_2.swift */; };
		A717E59F1CA1485000F237DD /* APIConnector_Module_3.swift in Sources */ = {isa = PBXBuildFile; fileRef = A717E5901CA1485000F237DD /* APIConnector_Module_3.swift */; };
		A717E5A01CA1485000F237DD /* APIConnector_Module_4.swift in Sources */ = {isa = PBXBuildFile; fileRef = A717E5911CA1485000F237DD /* APIConnector_Module_4.swift */; };
		A717E5A11CA1485000F237DD /* Theme.swift in Sources */ = {isa = PBXBuildFile; fileRef = A717E5961CA1485000F237DD /* Theme.swift */; };
		A717E5A71CA14D2D00F237DD /* BaseAdapter.swift in Sources */ = {isa = PBXBuildFile; fileRef = A717E5A61CA14D2D00F237DD /* BaseAdapter.swift */; };
		A717E5A91CA14D4800F237DD /* BaseCollectionAdapter.swift in Sources */ = {isa = PBXBuildFile; fileRef = A717E5A81CA14D4800F237DD /* BaseCollectionAdapter.swift */; };
		A717E5AD1CA1567F00F237DD /* RobustivityTabBarController.swift in Sources */ = {isa = PBXBuildFile; fileRef = A717E5AC1CA1567F00F237DD /* RobustivityTabBarController.swift */; };
		A717E5AF1CA1774400F237DD /* Main.storyboard in Resources */ = {isa = PBXBuildFile; fileRef = A717E5AE1CA1774400F237DD /* Main.storyboard */; };
		A717E5B31CA17D4000F237DD /* BaseModel.swift in Sources */ = {isa = PBXBuildFile; fileRef = A717E5B21CA17D4000F237DD /* BaseModel.swift */; };
		A717E5B51CA1816D00F237DD /* ListModel.swift in Sources */ = {isa = PBXBuildFile; fileRef = A717E5B41CA1816D00F237DD /* ListModel.swift */; };
		A74EC01F1CA469E800A7FDEB /* Comp_1+Theme.swift in Sources */ = {isa = PBXBuildFile; fileRef = A74EC01E1CA469E800A7FDEB /* Comp_1+Theme.swift */; };
		A74EC0231CA46A1800A7FDEB /* Comp_2+Theme.swift in Sources */ = {isa = PBXBuildFile; fileRef = A74EC0201CA46A1800A7FDEB /* Comp_2+Theme.swift */; };
		A74EC0241CA46A1800A7FDEB /* Comp_3+Theme.swift in Sources */ = {isa = PBXBuildFile; fileRef = A74EC0211CA46A1800A7FDEB /* Comp_3+Theme.swift */; };
		A74EC0251CA46A1800A7FDEB /* Comp_4+Theme.swift in Sources */ = {isa = PBXBuildFile; fileRef = A74EC0221CA46A1800A7FDEB /* Comp_4+Theme.swift */; };
		A7A94ED01C9E9718002B3991 /* FeedViewController.xib in Resources */ = {isa = PBXBuildFile; fileRef = A7A94ECF1C9E9718002B3991 /* FeedViewController.xib */; };
		A7A94ED21C9E9724002B3991 /* FeedViewController.swift in Sources */ = {isa = PBXBuildFile; fileRef = A7A94ED11C9E9724002B3991 /* FeedViewController.swift */; };
		A7A94ED51C9E9753002B3991 /* PlannerViewController.swift in Sources */ = {isa = PBXBuildFile; fileRef = A7A94ED31C9E9753002B3991 /* PlannerViewController.swift */; };
		A7A94ED61C9E9753002B3991 /* PlannerViewController.xib in Resources */ = {isa = PBXBuildFile; fileRef = A7A94ED41C9E9753002B3991 /* PlannerViewController.xib */; };
		A7A94ED91C9E97B5002B3991 /* ToggleViewController.swift in Sources */ = {isa = PBXBuildFile; fileRef = A7A94ED71C9E97B5002B3991 /* ToggleViewController.swift */; };
		A7A94EDA1C9E97B5002B3991 /* ToggleViewController.xib in Resources */ = {isa = PBXBuildFile; fileRef = A7A94ED81C9E97B5002B3991 /* ToggleViewController.xib */; };
		A7A94EDD1C9E97C2002B3991 /* NotificationsViewController.swift in Sources */ = {isa = PBXBuildFile; fileRef = A7A94EDB1C9E97C2002B3991 /* NotificationsViewController.swift */; };
		A7A94EDE1C9E97C2002B3991 /* NotificationsViewController.xib in Resources */ = {isa = PBXBuildFile; fileRef = A7A94EDC1C9E97C2002B3991 /* NotificationsViewController.xib */; };
		A7A94EE11C9E97D0002B3991 /* MoreViewController.swift in Sources */ = {isa = PBXBuildFile; fileRef = A7A94EDF1C9E97D0002B3991 /* MoreViewController.swift */; };
		A7A94EE21C9E97D0002B3991 /* MoreViewController.xib in Resources */ = {isa = PBXBuildFile; fileRef = A7A94EE01C9E97D0002B3991 /* MoreViewController.xib */; };
		A7BCE7AE1C7D8244007870CB /* AppDelegate.swift in Sources */ = {isa = PBXBuildFile; fileRef = A7BCE7AD1C7D8244007870CB /* AppDelegate.swift */; };
		A7BCE7B51C7D8244007870CB /* Assets.xcassets in Resources */ = {isa = PBXBuildFile; fileRef = A7BCE7B41C7D8244007870CB /* Assets.xcassets */; };
		A7BCE7E91C7DAFBA007870CB /* BaseViewController.swift in Sources */ = {isa = PBXBuildFile; fileRef = A7BCE7E71C7DAFBA007870CB /* BaseViewController.swift */; };
		A7C480141CA3F1EC00F4FDB7 /* MKAnnotationView+WebCache.m in Sources */ = {isa = PBXBuildFile; fileRef = A7C47FF41CA3F1EC00F4FDB7 /* MKAnnotationView+WebCache.m */; };
		A7C480151CA3F1EC00F4FDB7 /* NSData+ImageContentType.m in Sources */ = {isa = PBXBuildFile; fileRef = A7C47FF61CA3F1EC00F4FDB7 /* NSData+ImageContentType.m */; };
		A7C480161CA3F1EC00F4FDB7 /* SDImageCache.m in Sources */ = {isa = PBXBuildFile; fileRef = A7C47FF81CA3F1EC00F4FDB7 /* SDImageCache.m */; };
		A7C480171CA3F1EC00F4FDB7 /* SDWebImageCompat.m in Sources */ = {isa = PBXBuildFile; fileRef = A7C47FFA1CA3F1EC00F4FDB7 /* SDWebImageCompat.m */; };
		A7C480181CA3F1EC00F4FDB7 /* SDWebImageDecoder.m in Sources */ = {isa = PBXBuildFile; fileRef = A7C47FFC1CA3F1EC00F4FDB7 /* SDWebImageDecoder.m */; };
		A7C480191CA3F1EC00F4FDB7 /* SDWebImageDownloader.m in Sources */ = {isa = PBXBuildFile; fileRef = A7C47FFE1CA3F1EC00F4FDB7 /* SDWebImageDownloader.m */; };
		A7C4801A1CA3F1EC00F4FDB7 /* SDWebImageDownloaderOperation.m in Sources */ = {isa = PBXBuildFile; fileRef = A7C480001CA3F1EC00F4FDB7 /* SDWebImageDownloaderOperation.m */; };
		A7C4801B1CA3F1EC00F4FDB7 /* SDWebImageManager.m in Sources */ = {isa = PBXBuildFile; fileRef = A7C480021CA3F1EC00F4FDB7 /* SDWebImageManager.m */; };
		A7C4801C1CA3F1EC00F4FDB7 /* SDWebImagePrefetcher.m in Sources */ = {isa = PBXBuildFile; fileRef = A7C480051CA3F1EC00F4FDB7 /* SDWebImagePrefetcher.m */; };
		A7C4801D1CA3F1EC00F4FDB7 /* UIButton+WebCache.m in Sources */ = {isa = PBXBuildFile; fileRef = A7C480071CA3F1EC00F4FDB7 /* UIButton+WebCache.m */; };
		A7C4801E1CA3F1EC00F4FDB7 /* UIImage+GIF.m in Sources */ = {isa = PBXBuildFile; fileRef = A7C480091CA3F1EC00F4FDB7 /* UIImage+GIF.m */; };
		A7C4801F1CA3F1EC00F4FDB7 /* UIImage+MultiFormat.m in Sources */ = {isa = PBXBuildFile; fileRef = A7C4800B1CA3F1EC00F4FDB7 /* UIImage+MultiFormat.m */; };
		A7C480201CA3F1EC00F4FDB7 /* UIImage+WebP.m in Sources */ = {isa = PBXBuildFile; fileRef = A7C4800D1CA3F1EC00F4FDB7 /* UIImage+WebP.m */; };
		A7C480211CA3F1EC00F4FDB7 /* UIImageView+HighlightedWebCache.m in Sources */ = {isa = PBXBuildFile; fileRef = A7C4800F1CA3F1EC00F4FDB7 /* UIImageView+HighlightedWebCache.m */; };
		A7C480221CA3F1EC00F4FDB7 /* UIImageView+WebCache.m in Sources */ = {isa = PBXBuildFile; fileRef = A7C480111CA3F1EC00F4FDB7 /* UIImageView+WebCache.m */; };
		A7C480231CA3F1EC00F4FDB7 /* UIView+WebCacheOperation.m in Sources */ = {isa = PBXBuildFile; fileRef = A7C480131CA3F1EC00F4FDB7 /* UIView+WebCacheOperation.m */; };
		A7C480261CA4030900F4FDB7 /* RBLabel.swift in Sources */ = {isa = PBXBuildFile; fileRef = A7C480251CA4030900F4FDB7 /* RBLabel.swift */; };
		A7C480281CA4102900F4FDB7 /* FeedAdapter.swift in Sources */ = {isa = PBXBuildFile; fileRef = A7C480271CA4102900F4FDB7 /* FeedAdapter.swift */; };
		A7E7A24D1CA2EE6E002DB6FE /* MyriadPro-Bold.otf in Resources */ = {isa = PBXBuildFile; fileRef = A7E7A2431CA2EE6E002DB6FE /* MyriadPro-Bold.otf */; };
		A7E7A24E1CA2EE6E002DB6FE /* MyriadPro-BoldCond.otf in Resources */ = {isa = PBXBuildFile; fileRef = A7E7A2441CA2EE6E002DB6FE /* MyriadPro-BoldCond.otf */; };
		A7E7A24F1CA2EE6E002DB6FE /* MyriadPro-BoldCondIt.otf in Resources */ = {isa = PBXBuildFile; fileRef = A7E7A2451CA2EE6E002DB6FE /* MyriadPro-BoldCondIt.otf */; };
		A7E7A2501CA2EE6E002DB6FE /* MyriadPro-BoldIt.otf in Resources */ = {isa = PBXBuildFile; fileRef = A7E7A2461CA2EE6E002DB6FE /* MyriadPro-BoldIt.otf */; };
		A7E7A2511CA2EE6E002DB6FE /* MyriadPro-Cond.otf in Resources */ = {isa = PBXBuildFile; fileRef = A7E7A2471CA2EE6E002DB6FE /* MyriadPro-Cond.otf */; };
		A7E7A2521CA2EE6E002DB6FE /* MyriadPro-CondIt.otf in Resources */ = {isa = PBXBuildFile; fileRef = A7E7A2481CA2EE6E002DB6FE /* MyriadPro-CondIt.otf */; };
		A7E7A2531CA2EE6E002DB6FE /* MyriadPro-It.otf in Resources */ = {isa = PBXBuildFile; fileRef = A7E7A2491CA2EE6E002DB6FE /* MyriadPro-It.otf */; };
		A7E7A2541CA2EE6E002DB6FE /* MyriadPro-Regular.otf in Resources */ = {isa = PBXBuildFile; fileRef = A7E7A24A1CA2EE6E002DB6FE /* MyriadPro-Regular.otf */; };
		A7E7A2551CA2EE6E002DB6FE /* MyriadPro-Semibold.otf in Resources */ = {isa = PBXBuildFile; fileRef = A7E7A24B1CA2EE6E002DB6FE /* MyriadPro-Semibold.otf */; };
		A7E7A2561CA2EE6E002DB6FE /* MyriadPro-SemiboldIt.otf in Resources */ = {isa = PBXBuildFile; fileRef = A7E7A24C1CA2EE6E002DB6FE /* MyriadPro-SemiboldIt.otf */; };
		A7E7A25B1CA32524002DB6FE /* UIColor.swift in Sources */ = {isa = PBXBuildFile; fileRef = A7E7A2581CA32524002DB6FE /* UIColor.swift */; };
		A7FD4DAF1CA5DE9E00BD7332 /* BaseTableViewCell.swift in Sources */ = {isa = PBXBuildFile; fileRef = A7FD4DAD1CA5DE9E00BD7332 /* BaseTableViewCell.swift */; };
		A7FD4DB01CA5DE9E00BD7332 /* BaseTableViewCell.xib in Resources */ = {isa = PBXBuildFile; fileRef = A7FD4DAE1CA5DE9E00BD7332 /* BaseTableViewCell.xib */; };
		A7FD4DBA1CA5DFC100BD7332 /* LaunchScreen.storyboard in Resources */ = {isa = PBXBuildFile; fileRef = A7FD4DB91CA5DFC100BD7332 /* LaunchScreen.storyboard */; };
/* End PBXBuildFile section */

/* Begin PBXContainerItemProxy section */
		A7FD4EB21CA5E49500BD7332 /* PBXContainerItemProxy */ = {
			isa = PBXContainerItemProxy;
			containerPortal = A7FD4EA81CA5E49500BD7332 /* Alamofire.xcodeproj */;
			proxyType = 2;
			remoteGlobalIDString = F8111E3319A95C8B0040E7D1;
			remoteInfo = "Alamofire iOS";
		};
		A7FD4EB41CA5E49500BD7332 /* PBXContainerItemProxy */ = {
			isa = PBXContainerItemProxy;
			containerPortal = A7FD4EA81CA5E49500BD7332 /* Alamofire.xcodeproj */;
			proxyType = 2;
			remoteGlobalIDString = F8111E3E19A95C8B0040E7D1;
			remoteInfo = "Alamofire iOS Tests";
		};
		A7FD4EB61CA5E49500BD7332 /* PBXContainerItemProxy */ = {
			isa = PBXContainerItemProxy;
			containerPortal = A7FD4EA81CA5E49500BD7332 /* Alamofire.xcodeproj */;
			proxyType = 2;
			remoteGlobalIDString = 4DD67C0B1A5C55C900ED2280;
			remoteInfo = "Alamofire OSX";
		};
		A7FD4EB81CA5E49500BD7332 /* PBXContainerItemProxy */ = {
			isa = PBXContainerItemProxy;
			containerPortal = A7FD4EA81CA5E49500BD7332 /* Alamofire.xcodeproj */;
			proxyType = 2;
			remoteGlobalIDString = F829C6B21A7A94F100A2CD59;
			remoteInfo = "Alamofire OSX Tests";
		};
		A7FD4EBA1CA5E49500BD7332 /* PBXContainerItemProxy */ = {
			isa = PBXContainerItemProxy;
			containerPortal = A7FD4EA81CA5E49500BD7332 /* Alamofire.xcodeproj */;
			proxyType = 2;
			remoteGlobalIDString = 4CF626EF1BA7CB3E0011A099;
			remoteInfo = "Alamofire tvOS";
		};
		A7FD4EBC1CA5E49500BD7332 /* PBXContainerItemProxy */ = {
			isa = PBXContainerItemProxy;
			containerPortal = A7FD4EA81CA5E49500BD7332 /* Alamofire.xcodeproj */;
			proxyType = 2;
			remoteGlobalIDString = 4CF626F81BA7CB3E0011A099;
			remoteInfo = "Alamofire tvOS Tests";
		};
		A7FD4EBE1CA5E49500BD7332 /* PBXContainerItemProxy */ = {
			isa = PBXContainerItemProxy;
			containerPortal = A7FD4EA81CA5E49500BD7332 /* Alamofire.xcodeproj */;
			proxyType = 2;
			remoteGlobalIDString = E4202FE01B667AA100C997FB;
			remoteInfo = "Alamofire watchOS";
		};
/* End PBXContainerItemProxy section */

/* Begin PBXFileReference section */
		1B11C2941CACA60C00445002 /* ToggleFeedTableViewCell.swift */ = {isa = PBXFileReference; fileEncoding = 4; lastKnownFileType = sourcecode.swift; path = ToggleFeedTableViewCell.swift; sourceTree = "<group>"; };
		1B11C2951CACA60C00445002 /* ToggleFeedTableViewCell.xib */ = {isa = PBXFileReference; fileEncoding = 4; lastKnownFileType = file.xib; path = ToggleFeedTableViewCell.xib; sourceTree = "<group>"; };
		1B8394F91CAB6764000811E3 /* NotificationFeedModel.swift */ = {isa = PBXFileReference; fileEncoding = 4; lastKnownFileType = sourcecode.swift; path = NotificationFeedModel.swift; sourceTree = "<group>"; };
		1B8394FD1CAB682D000811E3 /* NotificationFeedTableViewCell.swift */ = {isa = PBXFileReference; fileEncoding = 4; lastKnownFileType = sourcecode.swift; path = NotificationFeedTableViewCell.swift; sourceTree = "<group>"; };
		1B8394FE1CAB682D000811E3 /* NotificationFeedTableViewCell.xib */ = {isa = PBXFileReference; fileEncoding = 4; lastKnownFileType = file.xib; path = NotificationFeedTableViewCell.xib; sourceTree = "<group>"; };
		1BCB62C01CAD81E70045062E /* Circular+UIImageView.swift */ = {isa = PBXFileReference; fileEncoding = 4; lastKnownFileType = sourcecode.swift; path = "Circular+UIImageView.swift"; sourceTree = "<group>"; };
		1BF7AD771CAB04E30018E2B3 /* BroadcastFeedTableViewCell.swift */ = {isa = PBXFileReference; fileEncoding = 4; lastKnownFileType = sourcecode.swift; path = BroadcastFeedTableViewCell.swift; sourceTree = "<group>"; };
		1BF7AD781CAB04E30018E2B3 /* BroadcastFeedTableViewCell.xib */ = {isa = PBXFileReference; fileEncoding = 4; lastKnownFileType = file.xib; path = BroadcastFeedTableViewCell.xib; sourceTree = "<group>"; };
		1BF7AD7B1CAB3D050018E2B3 /* FeedModel.swift */ = {isa = PBXFileReference; fileEncoding = 4; lastKnownFileType = sourcecode.swift; path = FeedModel.swift; sourceTree = "<group>"; };
		1BF7AD7E1CAB3DFE0018E2B3 /* BroadcastFeedModel.swift */ = {isa = PBXFileReference; fileEncoding = 4; lastKnownFileType = sourcecode.swift; path = BroadcastFeedModel.swift; sourceTree = "<group>"; };
		1BF7AD801CAB3EFD0018E2B3 /* CheckInFeedModel.swift */ = {isa = PBXFileReference; fileEncoding = 4; lastKnownFileType = sourcecode.swift; path = CheckInFeedModel.swift; sourceTree = "<group>"; };
		1BF7AD821CAB4BC30018E2B3 /* UserModel.swift */ = {isa = PBXFileReference; fileEncoding = 4; lastKnownFileType = sourcecode.swift; path = UserModel.swift; sourceTree = "<group>"; };
		1BF7AD841CAB52130018E2B3 /* CheckInFeedTableViewCell.swift */ = {isa = PBXFileReference; fileEncoding = 4; lastKnownFileType = sourcecode.swift; path = CheckInFeedTableViewCell.swift; sourceTree = "<group>"; };
		1BF7AD851CAB52130018E2B3 /* CheckInFeedTableViewCell.xib */ = {isa = PBXFileReference; fileEncoding = 4; lastKnownFileType = file.xib; path = CheckInFeedTableViewCell.xib; sourceTree = "<group>"; };
		1B0B299A1CAD8968007DC5F3 /* MGSwipeButton.h */ = {isa = PBXFileReference; fileEncoding = 4; lastKnownFileType = sourcecode.c.h; path = MGSwipeButton.h; sourceTree = "<group>"; };
		1B0B299B1CAD8968007DC5F3 /* MGSwipeButton.m */ = {isa = PBXFileReference; fileEncoding = 4; lastKnownFileType = sourcecode.c.objc; path = MGSwipeButton.m; sourceTree = "<group>"; };
		1B0B299C1CAD8968007DC5F3 /* MGSwipeTableCell.h */ = {isa = PBXFileReference; fileEncoding = 4; lastKnownFileType = sourcecode.c.h; path = MGSwipeTableCell.h; sourceTree = "<group>"; };
		1B0B299D1CAD8968007DC5F3 /* MGSwipeTableCell.m */ = {isa = PBXFileReference; fileEncoding = 4; lastKnownFileType = sourcecode.c.objc; path = MGSwipeTableCell.m; sourceTree = "<group>"; };
		1BC4E45E1CAD91EF008283D3 /* ChooseAssigneeViewController.swift */ = {isa = PBXFileReference; fileEncoding = 4; lastKnownFileType = sourcecode.swift; path = ChooseAssigneeViewController.swift; sourceTree = "<group>"; };
		1BC4E45F1CAD91EF008283D3 /* ChooseAssigneeViewController.xib */ = {isa = PBXFileReference; fileEncoding = 4; lastKnownFileType = file.xib; path = ChooseAssigneeViewController.xib; sourceTree = "<group>"; };
		1BC4E4631CAD9202008283D3 /* UserTableViewCell.swift */ = {isa = PBXFileReference; fileEncoding = 4; lastKnownFileType = sourcecode.swift; path = UserTableViewCell.swift; sourceTree = "<group>"; };
		1BC4E4641CAD9202008283D3 /* UserTableViewCell.xib */ = {isa = PBXFileReference; fileEncoding = 4; lastKnownFileType = file.xib; path = UserTableViewCell.xib; sourceTree = "<group>"; };
		1BC4E4681CAD921F008283D3 /* SwipableTableViewCell.swift */ = {isa = PBXFileReference; fileEncoding = 4; lastKnownFileType = sourcecode.swift; path = SwipableTableViewCell.swift; sourceTree = "<group>"; };
		1BC4E46C1CAD92E6008283D3 /* UserAdapter.swift */ = {isa = PBXFileReference; fileEncoding = 4; lastKnownFileType = sourcecode.swift; path = UserAdapter.swift; sourceTree = "<group>"; };
		A717E58A1CA1485000F237DD /* BaseTableAdapter.swift */ = {isa = PBXFileReference; fileEncoding = 4; lastKnownFileType = sourcecode.swift; path = BaseTableAdapter.swift; sourceTree = "<group>"; };
		A717E58C1CA1485000F237DD /* API.swift */ = {isa = PBXFileReference; fileEncoding = 4; lastKnownFileType = sourcecode.swift; path = API.swift; sourceTree = "<group>"; };
		A717E58D1CA1485000F237DD /* APIConnector.swift */ = {isa = PBXFileReference; fileEncoding = 4; lastKnownFileType = sourcecode.swift; path = APIConnector.swift; sourceTree = "<group>"; };
		A717E58E1CA1485000F237DD /* APIConnector_Module_1.swift */ = {isa = PBXFileReference; fileEncoding = 4; lastKnownFileType = sourcecode.swift; path = APIConnector_Module_1.swift; sourceTree = "<group>"; };
		A717E58F1CA1485000F237DD /* APIConnector_Module_2.swift */ = {isa = PBXFileReference; fileEncoding = 4; lastKnownFileType = sourcecode.swift; path = APIConnector_Module_2.swift; sourceTree = "<group>"; };
		A717E5901CA1485000F237DD /* APIConnector_Module_3.swift */ = {isa = PBXFileReference; fileEncoding = 4; lastKnownFileType = sourcecode.swift; path = APIConnector_Module_3.swift; sourceTree = "<group>"; };
		A717E5911CA1485000F237DD /* APIConnector_Module_4.swift */ = {isa = PBXFileReference; fileEncoding = 4; lastKnownFileType = sourcecode.swift; path = APIConnector_Module_4.swift; sourceTree = "<group>"; };
		A717E5961CA1485000F237DD /* Theme.swift */ = {isa = PBXFileReference; fileEncoding = 4; lastKnownFileType = sourcecode.swift; path = Theme.swift; sourceTree = "<group>"; };
		A717E5A51CA149DF00F237DD /* Robustivity-Bridging-Header.h */ = {isa = PBXFileReference; fileEncoding = 4; lastKnownFileType = sourcecode.c.h; name = "Robustivity-Bridging-Header.h"; path = "Robustivity/Robustivity-Bridging-Header.h"; sourceTree = SOURCE_ROOT; };
		A717E5A61CA14D2D00F237DD /* BaseAdapter.swift */ = {isa = PBXFileReference; fileEncoding = 4; lastKnownFileType = sourcecode.swift; path = BaseAdapter.swift; sourceTree = "<group>"; };
		A717E5A81CA14D4800F237DD /* BaseCollectionAdapter.swift */ = {isa = PBXFileReference; fileEncoding = 4; lastKnownFileType = sourcecode.swift; path = BaseCollectionAdapter.swift; sourceTree = "<group>"; };
		A717E5AC1CA1567F00F237DD /* RobustivityTabBarController.swift */ = {isa = PBXFileReference; fileEncoding = 4; lastKnownFileType = sourcecode.swift; path = RobustivityTabBarController.swift; sourceTree = "<group>"; };
		A717E5AE1CA1774400F237DD /* Main.storyboard */ = {isa = PBXFileReference; fileEncoding = 4; lastKnownFileType = file.storyboard; name = Main.storyboard; path = Robustivity/Global/Main.storyboard; sourceTree = SOURCE_ROOT; };
		A717E5B21CA17D4000F237DD /* BaseModel.swift */ = {isa = PBXFileReference; fileEncoding = 4; lastKnownFileType = sourcecode.swift; path = BaseModel.swift; sourceTree = "<group>"; };
		A717E5B41CA1816D00F237DD /* ListModel.swift */ = {isa = PBXFileReference; fileEncoding = 4; lastKnownFileType = sourcecode.swift; path = ListModel.swift; sourceTree = "<group>"; };
		A74EC01E1CA469E800A7FDEB /* Comp_1+Theme.swift */ = {isa = PBXFileReference; fileEncoding = 4; lastKnownFileType = sourcecode.swift; path = "Comp_1+Theme.swift"; sourceTree = "<group>"; };
		A74EC0201CA46A1800A7FDEB /* Comp_2+Theme.swift */ = {isa = PBXFileReference; fileEncoding = 4; lastKnownFileType = sourcecode.swift; path = "Comp_2+Theme.swift"; sourceTree = "<group>"; };
		A74EC0211CA46A1800A7FDEB /* Comp_3+Theme.swift */ = {isa = PBXFileReference; fileEncoding = 4; lastKnownFileType = sourcecode.swift; path = "Comp_3+Theme.swift"; sourceTree = "<group>"; };
		A74EC0221CA46A1800A7FDEB /* Comp_4+Theme.swift */ = {isa = PBXFileReference; fileEncoding = 4; lastKnownFileType = sourcecode.swift; path = "Comp_4+Theme.swift"; sourceTree = "<group>"; };
		A7A94ECF1C9E9718002B3991 /* FeedViewController.xib */ = {isa = PBXFileReference; fileEncoding = 4; lastKnownFileType = file.xib; path = FeedViewController.xib; sourceTree = "<group>"; };
		A7A94ED11C9E9724002B3991 /* FeedViewController.swift */ = {isa = PBXFileReference; fileEncoding = 4; lastKnownFileType = sourcecode.swift; path = FeedViewController.swift; sourceTree = "<group>"; };
		A7A94ED31C9E9753002B3991 /* PlannerViewController.swift */ = {isa = PBXFileReference; fileEncoding = 4; lastKnownFileType = sourcecode.swift; path = PlannerViewController.swift; sourceTree = "<group>"; };
		A7A94ED41C9E9753002B3991 /* PlannerViewController.xib */ = {isa = PBXFileReference; fileEncoding = 4; lastKnownFileType = file.xib; path = PlannerViewController.xib; sourceTree = "<group>"; };
		A7A94ED71C9E97B5002B3991 /* ToggleViewController.swift */ = {isa = PBXFileReference; fileEncoding = 4; lastKnownFileType = sourcecode.swift; path = ToggleViewController.swift; sourceTree = "<group>"; };
		A7A94ED81C9E97B5002B3991 /* ToggleViewController.xib */ = {isa = PBXFileReference; fileEncoding = 4; lastKnownFileType = file.xib; path = ToggleViewController.xib; sourceTree = "<group>"; };
		A7A94EDB1C9E97C2002B3991 /* NotificationsViewController.swift */ = {isa = PBXFileReference; fileEncoding = 4; lastKnownFileType = sourcecode.swift; path = NotificationsViewController.swift; sourceTree = "<group>"; };
		A7A94EDC1C9E97C2002B3991 /* NotificationsViewController.xib */ = {isa = PBXFileReference; fileEncoding = 4; lastKnownFileType = file.xib; path = NotificationsViewController.xib; sourceTree = "<group>"; };
		A7A94EDF1C9E97D0002B3991 /* MoreViewController.swift */ = {isa = PBXFileReference; fileEncoding = 4; lastKnownFileType = sourcecode.swift; path = MoreViewController.swift; sourceTree = "<group>"; };
		A7A94EE01C9E97D0002B3991 /* MoreViewController.xib */ = {isa = PBXFileReference; fileEncoding = 4; lastKnownFileType = file.xib; path = MoreViewController.xib; sourceTree = "<group>"; };
		A7BCE7AA1C7D8244007870CB /* Robustivity.app */ = {isa = PBXFileReference; explicitFileType = wrapper.application; includeInIndex = 0; path = Robustivity.app; sourceTree = BUILT_PRODUCTS_DIR; };
		A7BCE7AD1C7D8244007870CB /* AppDelegate.swift */ = {isa = PBXFileReference; lastKnownFileType = sourcecode.swift; path = AppDelegate.swift; sourceTree = "<group>"; };
		A7BCE7B41C7D8244007870CB /* Assets.xcassets */ = {isa = PBXFileReference; lastKnownFileType = folder.assetcatalog; path = Assets.xcassets; sourceTree = "<group>"; };
		A7BCE7B91C7D8244007870CB /* Info.plist */ = {isa = PBXFileReference; lastKnownFileType = text.plist.xml; path = Info.plist; sourceTree = "<group>"; };
		A7BCE7E71C7DAFBA007870CB /* BaseViewController.swift */ = {isa = PBXFileReference; fileEncoding = 4; lastKnownFileType = sourcecode.swift; path = BaseViewController.swift; sourceTree = "<group>"; };
		A7C47FF31CA3F1EC00F4FDB7 /* MKAnnotationView+WebCache.h */ = {isa = PBXFileReference; fileEncoding = 4; lastKnownFileType = sourcecode.c.h; name = "MKAnnotationView+WebCache.h"; path = "SDWebImage/MKAnnotationView+WebCache.h"; sourceTree = "<group>"; };
		A7C47FF41CA3F1EC00F4FDB7 /* MKAnnotationView+WebCache.m */ = {isa = PBXFileReference; fileEncoding = 4; lastKnownFileType = sourcecode.c.objc; name = "MKAnnotationView+WebCache.m"; path = "SDWebImage/MKAnnotationView+WebCache.m"; sourceTree = "<group>"; };
		A7C47FF51CA3F1EC00F4FDB7 /* NSData+ImageContentType.h */ = {isa = PBXFileReference; fileEncoding = 4; lastKnownFileType = sourcecode.c.h; name = "NSData+ImageContentType.h"; path = "SDWebImage/NSData+ImageContentType.h"; sourceTree = "<group>"; };
		A7C47FF61CA3F1EC00F4FDB7 /* NSData+ImageContentType.m */ = {isa = PBXFileReference; fileEncoding = 4; lastKnownFileType = sourcecode.c.objc; name = "NSData+ImageContentType.m"; path = "SDWebImage/NSData+ImageContentType.m"; sourceTree = "<group>"; };
		A7C47FF71CA3F1EC00F4FDB7 /* SDImageCache.h */ = {isa = PBXFileReference; fileEncoding = 4; lastKnownFileType = sourcecode.c.h; name = SDImageCache.h; path = SDWebImage/SDImageCache.h; sourceTree = "<group>"; };
		A7C47FF81CA3F1EC00F4FDB7 /* SDImageCache.m */ = {isa = PBXFileReference; fileEncoding = 4; lastKnownFileType = sourcecode.c.objc; name = SDImageCache.m; path = SDWebImage/SDImageCache.m; sourceTree = "<group>"; };
		A7C47FF91CA3F1EC00F4FDB7 /* SDWebImageCompat.h */ = {isa = PBXFileReference; fileEncoding = 4; lastKnownFileType = sourcecode.c.h; name = SDWebImageCompat.h; path = SDWebImage/SDWebImageCompat.h; sourceTree = "<group>"; };
		A7C47FFA1CA3F1EC00F4FDB7 /* SDWebImageCompat.m */ = {isa = PBXFileReference; fileEncoding = 4; lastKnownFileType = sourcecode.c.objc; name = SDWebImageCompat.m; path = SDWebImage/SDWebImageCompat.m; sourceTree = "<group>"; };
		A7C47FFB1CA3F1EC00F4FDB7 /* SDWebImageDecoder.h */ = {isa = PBXFileReference; fileEncoding = 4; lastKnownFileType = sourcecode.c.h; name = SDWebImageDecoder.h; path = SDWebImage/SDWebImageDecoder.h; sourceTree = "<group>"; };
		A7C47FFC1CA3F1EC00F4FDB7 /* SDWebImageDecoder.m */ = {isa = PBXFileReference; fileEncoding = 4; lastKnownFileType = sourcecode.c.objc; name = SDWebImageDecoder.m; path = SDWebImage/SDWebImageDecoder.m; sourceTree = "<group>"; };
		A7C47FFD1CA3F1EC00F4FDB7 /* SDWebImageDownloader.h */ = {isa = PBXFileReference; fileEncoding = 4; lastKnownFileType = sourcecode.c.h; name = SDWebImageDownloader.h; path = SDWebImage/SDWebImageDownloader.h; sourceTree = "<group>"; };
		A7C47FFE1CA3F1EC00F4FDB7 /* SDWebImageDownloader.m */ = {isa = PBXFileReference; fileEncoding = 4; lastKnownFileType = sourcecode.c.objc; name = SDWebImageDownloader.m; path = SDWebImage/SDWebImageDownloader.m; sourceTree = "<group>"; };
		A7C47FFF1CA3F1EC00F4FDB7 /* SDWebImageDownloaderOperation.h */ = {isa = PBXFileReference; fileEncoding = 4; lastKnownFileType = sourcecode.c.h; name = SDWebImageDownloaderOperation.h; path = SDWebImage/SDWebImageDownloaderOperation.h; sourceTree = "<group>"; };
		A7C480001CA3F1EC00F4FDB7 /* SDWebImageDownloaderOperation.m */ = {isa = PBXFileReference; fileEncoding = 4; lastKnownFileType = sourcecode.c.objc; name = SDWebImageDownloaderOperation.m; path = SDWebImage/SDWebImageDownloaderOperation.m; sourceTree = "<group>"; };
		A7C480011CA3F1EC00F4FDB7 /* SDWebImageManager.h */ = {isa = PBXFileReference; fileEncoding = 4; lastKnownFileType = sourcecode.c.h; name = SDWebImageManager.h; path = SDWebImage/SDWebImageManager.h; sourceTree = "<group>"; };
		A7C480021CA3F1EC00F4FDB7 /* SDWebImageManager.m */ = {isa = PBXFileReference; fileEncoding = 4; lastKnownFileType = sourcecode.c.objc; name = SDWebImageManager.m; path = SDWebImage/SDWebImageManager.m; sourceTree = "<group>"; };
		A7C480031CA3F1EC00F4FDB7 /* SDWebImageOperation.h */ = {isa = PBXFileReference; fileEncoding = 4; lastKnownFileType = sourcecode.c.h; name = SDWebImageOperation.h; path = SDWebImage/SDWebImageOperation.h; sourceTree = "<group>"; };
		A7C480041CA3F1EC00F4FDB7 /* SDWebImagePrefetcher.h */ = {isa = PBXFileReference; fileEncoding = 4; lastKnownFileType = sourcecode.c.h; name = SDWebImagePrefetcher.h; path = SDWebImage/SDWebImagePrefetcher.h; sourceTree = "<group>"; };
		A7C480051CA3F1EC00F4FDB7 /* SDWebImagePrefetcher.m */ = {isa = PBXFileReference; fileEncoding = 4; lastKnownFileType = sourcecode.c.objc; name = SDWebImagePrefetcher.m; path = SDWebImage/SDWebImagePrefetcher.m; sourceTree = "<group>"; };
		A7C480061CA3F1EC00F4FDB7 /* UIButton+WebCache.h */ = {isa = PBXFileReference; fileEncoding = 4; lastKnownFileType = sourcecode.c.h; name = "UIButton+WebCache.h"; path = "SDWebImage/UIButton+WebCache.h"; sourceTree = "<group>"; };
		A7C480071CA3F1EC00F4FDB7 /* UIButton+WebCache.m */ = {isa = PBXFileReference; fileEncoding = 4; lastKnownFileType = sourcecode.c.objc; name = "UIButton+WebCache.m"; path = "SDWebImage/UIButton+WebCache.m"; sourceTree = "<group>"; };
		A7C480081CA3F1EC00F4FDB7 /* UIImage+GIF.h */ = {isa = PBXFileReference; fileEncoding = 4; lastKnownFileType = sourcecode.c.h; name = "UIImage+GIF.h"; path = "SDWebImage/UIImage+GIF.h"; sourceTree = "<group>"; };
		A7C480091CA3F1EC00F4FDB7 /* UIImage+GIF.m */ = {isa = PBXFileReference; fileEncoding = 4; lastKnownFileType = sourcecode.c.objc; name = "UIImage+GIF.m"; path = "SDWebImage/UIImage+GIF.m"; sourceTree = "<group>"; };
		A7C4800A1CA3F1EC00F4FDB7 /* UIImage+MultiFormat.h */ = {isa = PBXFileReference; fileEncoding = 4; lastKnownFileType = sourcecode.c.h; name = "UIImage+MultiFormat.h"; path = "SDWebImage/UIImage+MultiFormat.h"; sourceTree = "<group>"; };
		A7C4800B1CA3F1EC00F4FDB7 /* UIImage+MultiFormat.m */ = {isa = PBXFileReference; fileEncoding = 4; lastKnownFileType = sourcecode.c.objc; name = "UIImage+MultiFormat.m"; path = "SDWebImage/UIImage+MultiFormat.m"; sourceTree = "<group>"; };
		A7C4800C1CA3F1EC00F4FDB7 /* UIImage+WebP.h */ = {isa = PBXFileReference; fileEncoding = 4; lastKnownFileType = sourcecode.c.h; name = "UIImage+WebP.h"; path = "SDWebImage/UIImage+WebP.h"; sourceTree = "<group>"; };
		A7C4800D1CA3F1EC00F4FDB7 /* UIImage+WebP.m */ = {isa = PBXFileReference; fileEncoding = 4; lastKnownFileType = sourcecode.c.objc; name = "UIImage+WebP.m"; path = "SDWebImage/UIImage+WebP.m"; sourceTree = "<group>"; };
		A7C4800E1CA3F1EC00F4FDB7 /* UIImageView+HighlightedWebCache.h */ = {isa = PBXFileReference; fileEncoding = 4; lastKnownFileType = sourcecode.c.h; name = "UIImageView+HighlightedWebCache.h"; path = "SDWebImage/UIImageView+HighlightedWebCache.h"; sourceTree = "<group>"; };
		A7C4800F1CA3F1EC00F4FDB7 /* UIImageView+HighlightedWebCache.m */ = {isa = PBXFileReference; fileEncoding = 4; lastKnownFileType = sourcecode.c.objc; name = "UIImageView+HighlightedWebCache.m"; path = "SDWebImage/UIImageView+HighlightedWebCache.m"; sourceTree = "<group>"; };
		A7C480101CA3F1EC00F4FDB7 /* UIImageView+WebCache.h */ = {isa = PBXFileReference; fileEncoding = 4; lastKnownFileType = sourcecode.c.h; name = "UIImageView+WebCache.h"; path = "SDWebImage/UIImageView+WebCache.h"; sourceTree = "<group>"; };
		A7C480111CA3F1EC00F4FDB7 /* UIImageView+WebCache.m */ = {isa = PBXFileReference; fileEncoding = 4; lastKnownFileType = sourcecode.c.objc; name = "UIImageView+WebCache.m"; path = "SDWebImage/UIImageView+WebCache.m"; sourceTree = "<group>"; };
		A7C480121CA3F1EC00F4FDB7 /* UIView+WebCacheOperation.h */ = {isa = PBXFileReference; fileEncoding = 4; lastKnownFileType = sourcecode.c.h; name = "UIView+WebCacheOperation.h"; path = "SDWebImage/UIView+WebCacheOperation.h"; sourceTree = "<group>"; };
		A7C480131CA3F1EC00F4FDB7 /* UIView+WebCacheOperation.m */ = {isa = PBXFileReference; fileEncoding = 4; lastKnownFileType = sourcecode.c.objc; name = "UIView+WebCacheOperation.m"; path = "SDWebImage/UIView+WebCacheOperation.m"; sourceTree = "<group>"; };
		A7C480251CA4030900F4FDB7 /* RBLabel.swift */ = {isa = PBXFileReference; fileEncoding = 4; lastKnownFileType = sourcecode.swift; path = RBLabel.swift; sourceTree = "<group>"; };
		A7C480271CA4102900F4FDB7 /* FeedAdapter.swift */ = {isa = PBXFileReference; fileEncoding = 4; lastKnownFileType = sourcecode.swift; path = FeedAdapter.swift; sourceTree = "<group>"; };
		A7E7A2431CA2EE6E002DB6FE /* MyriadPro-Bold.otf */ = {isa = PBXFileReference; lastKnownFileType = file; path = "MyriadPro-Bold.otf"; sourceTree = "<group>"; };
		A7E7A2441CA2EE6E002DB6FE /* MyriadPro-BoldCond.otf */ = {isa = PBXFileReference; lastKnownFileType = file; path = "MyriadPro-BoldCond.otf"; sourceTree = "<group>"; };
		A7E7A2451CA2EE6E002DB6FE /* MyriadPro-BoldCondIt.otf */ = {isa = PBXFileReference; lastKnownFileType = file; path = "MyriadPro-BoldCondIt.otf"; sourceTree = "<group>"; };
		A7E7A2461CA2EE6E002DB6FE /* MyriadPro-BoldIt.otf */ = {isa = PBXFileReference; lastKnownFileType = file; path = "MyriadPro-BoldIt.otf"; sourceTree = "<group>"; };
		A7E7A2471CA2EE6E002DB6FE /* MyriadPro-Cond.otf */ = {isa = PBXFileReference; lastKnownFileType = file; path = "MyriadPro-Cond.otf"; sourceTree = "<group>"; };
		A7E7A2481CA2EE6E002DB6FE /* MyriadPro-CondIt.otf */ = {isa = PBXFileReference; lastKnownFileType = file; path = "MyriadPro-CondIt.otf"; sourceTree = "<group>"; };
		A7E7A2491CA2EE6E002DB6FE /* MyriadPro-It.otf */ = {isa = PBXFileReference; lastKnownFileType = file; path = "MyriadPro-It.otf"; sourceTree = "<group>"; };
		A7E7A24A1CA2EE6E002DB6FE /* MyriadPro-Regular.otf */ = {isa = PBXFileReference; lastKnownFileType = file; path = "MyriadPro-Regular.otf"; sourceTree = "<group>"; };
		A7E7A24B1CA2EE6E002DB6FE /* MyriadPro-Semibold.otf */ = {isa = PBXFileReference; lastKnownFileType = file; path = "MyriadPro-Semibold.otf"; sourceTree = "<group>"; };
		A7E7A24C1CA2EE6E002DB6FE /* MyriadPro-SemiboldIt.otf */ = {isa = PBXFileReference; lastKnownFileType = file; path = "MyriadPro-SemiboldIt.otf"; sourceTree = "<group>"; };
		A7E7A2581CA32524002DB6FE /* UIColor.swift */ = {isa = PBXFileReference; fileEncoding = 4; lastKnownFileType = sourcecode.swift; path = UIColor.swift; sourceTree = "<group>"; };
		A7FD4DAD1CA5DE9E00BD7332 /* BaseTableViewCell.swift */ = {isa = PBXFileReference; fileEncoding = 4; lastKnownFileType = sourcecode.swift; name = BaseTableViewCell.swift; path = "Custom Views/Example/BaseTableViewCell.swift"; sourceTree = "<group>"; };
		A7FD4DAE1CA5DE9E00BD7332 /* BaseTableViewCell.xib */ = {isa = PBXFileReference; fileEncoding = 4; lastKnownFileType = file.xib; name = BaseTableViewCell.xib; path = "Custom Views/Example/BaseTableViewCell.xib"; sourceTree = "<group>"; };
		A7FD4DB91CA5DFC100BD7332 /* LaunchScreen.storyboard */ = {isa = PBXFileReference; fileEncoding = 4; lastKnownFileType = file.storyboard; name = LaunchScreen.storyboard; path = Robustivity/Global/LaunchScreen.storyboard; sourceTree = SOURCE_ROOT; };
		A7FD4EA81CA5E49500BD7332 /* Alamofire.xcodeproj */ = {isa = PBXFileReference; lastKnownFileType = "wrapper.pb-project"; name = Alamofire.xcodeproj; path = ../Alamofire/Alamofire.xcodeproj; sourceTree = "<group>"; };
/* End PBXFileReference section */

/* Begin PBXFrameworksBuildPhase section */
		A7BCE7A71C7D8244007870CB /* Frameworks */ = {
			isa = PBXFrameworksBuildPhase;
			buildActionMask = 2147483647;
			files = (
			);
			runOnlyForDeploymentPostprocessing = 0;
		};
/* End PBXFrameworksBuildPhase section */

/* Begin PBXGroup section */
		1BF7AD721CAB03A70018E2B3 /* Feed */ = {
			isa = PBXGroup;
			children = (
				1BF7AD771CAB04E30018E2B3 /* BroadcastFeedTableViewCell.swift */,
				1BF7AD781CAB04E30018E2B3 /* BroadcastFeedTableViewCell.xib */,
				1BF7AD841CAB52130018E2B3 /* CheckInFeedTableViewCell.swift */,
				1BF7AD851CAB52130018E2B3 /* CheckInFeedTableViewCell.xib */,
				1B8394FD1CAB682D000811E3 /* NotificationFeedTableViewCell.swift */,
				1B8394FE1CAB682D000811E3 /* NotificationFeedTableViewCell.xib */,
				1B11C2941CACA60C00445002 /* ToggleFeedTableViewCell.swift */,
				1B11C2951CACA60C00445002 /* ToggleFeedTableViewCell.xib */,
			);
			name = Feed;
			sourceTree = "<group>";
		};
		1BF7AD7D1CAB3D1A0018E2B3 /* Feed */ = {
			isa = PBXGroup;
			children = (
				1BF7AD7B1CAB3D050018E2B3 /* FeedModel.swift */,
				1BF7AD7E1CAB3DFE0018E2B3 /* BroadcastFeedModel.swift */,
				1BF7AD801CAB3EFD0018E2B3 /* CheckInFeedModel.swift */,
				1B8394F91CAB6764000811E3 /* NotificationFeedModel.swift */,
			);
			name = Feed;
			sourceTree = "<group>";
		};
		1B0B29991CAD8968007DC5F3 /* MGSwipeTableCell */ = {
			isa = PBXGroup;
			children = (
				1B0B299A1CAD8968007DC5F3 /* MGSwipeButton.h */,
				1B0B299B1CAD8968007DC5F3 /* MGSwipeButton.m */,
				1B0B299C1CAD8968007DC5F3 /* MGSwipeTableCell.h */,
				1B0B299D1CAD8968007DC5F3 /* MGSwipeTableCell.m */,
			);
			path = MGSwipeTableCell;
			sourceTree = "<group>";
		};
		1BC4E45C1CAD91EF008283D3 /* Create Task */ = {
			isa = PBXGroup;
			children = (
				1BC4E45D1CAD91EF008283D3 /* Choose Assignee */,
			);
			path = "Create Task";
			sourceTree = "<group>";
		};
		1BC4E45D1CAD91EF008283D3 /* Choose Assignee */ = {
			isa = PBXGroup;
			children = (
				1BC4E45E1CAD91EF008283D3 /* ChooseAssigneeViewController.swift */,
				1BC4E45F1CAD91EF008283D3 /* ChooseAssigneeViewController.xib */,
			);
			path = "Choose Assignee";
			sourceTree = "<group>";
		};
		1BC4E4621CAD9202008283D3 /* UserTableViewCell */ = {
			isa = PBXGroup;
			children = (
				1BC4E4631CAD9202008283D3 /* UserTableViewCell.swift */,
				1BC4E4641CAD9202008283D3 /* UserTableViewCell.xib */,
			);
			name = UserTableViewCell;
			path = "Custom Views/UserTableViewCell";
			sourceTree = "<group>";
		};
		1BC4E4671CAD921F008283D3 /* BaseSwipableTableCell */ = {
			isa = PBXGroup;
			children = (
				1BC4E4681CAD921F008283D3 /* SwipableTableViewCell.swift */,
			);
			name = BaseSwipableTableCell;
			path = "Custom Views/BaseSwipableTableCell";
			sourceTree = "<group>";
		};
		A717E5891CA1485000F237DD /* Adapters */ = {
			isa = PBXGroup;
			children = (
				A717E5A61CA14D2D00F237DD /* BaseAdapter.swift */,
				A717E58A1CA1485000F237DD /* BaseTableAdapter.swift */,
				A717E5A81CA14D4800F237DD /* BaseCollectionAdapter.swift */,
				A7C480271CA4102900F4FDB7 /* FeedAdapter.swift */,
				1BC4E46C1CAD92E6008283D3 /* UserAdapter.swift */,
			);
			path = Adapters;
			sourceTree = "<group>";
		};
		A717E58B1CA1485000F237DD /* API */ = {
			isa = PBXGroup;
			children = (
				A717E58C1CA1485000F237DD /* API.swift */,
				A717E58D1CA1485000F237DD /* APIConnector.swift */,
				A717E58E1CA1485000F237DD /* APIConnector_Module_1.swift */,
				A717E58F1CA1485000F237DD /* APIConnector_Module_2.swift */,
				A717E5901CA1485000F237DD /* APIConnector_Module_3.swift */,
				A717E5911CA1485000F237DD /* APIConnector_Module_4.swift */,
			);
			path = API;
			sourceTree = "<group>";
		};
		A717E5921CA1485000F237DD /* Extension */ = {
			isa = PBXGroup;
			children = (
				A7E7A2581CA32524002DB6FE /* UIColor.swift */,
				A74EC01E1CA469E800A7FDEB /* Comp_1+Theme.swift */,
				A74EC0201CA46A1800A7FDEB /* Comp_2+Theme.swift */,
				A74EC0211CA46A1800A7FDEB /* Comp_3+Theme.swift */,
				A74EC0221CA46A1800A7FDEB /* Comp_4+Theme.swift */,
				1BCB62C01CAD81E70045062E /* Circular+UIImageView.swift */,
			);
			path = Extension;
			sourceTree = "<group>";
		};
		A717E5931CA1485000F237DD /* Support Libraries */ = {
			isa = PBXGroup;
			children = (
				1B0B29991CAD8968007DC5F3 /* MGSwipeTableCell */,
				A7C47FF21CA3F1DD00F4FDB7 /* SDWebImage */,
			);
			path = "Support Libraries";
			sourceTree = "<group>";
		};
		A717E5941CA1485000F237DD /* Theme */ = {
			isa = PBXGroup;
			children = (
				A717E5961CA1485000F237DD /* Theme.swift */,
				A7C480251CA4030900F4FDB7 /* RBLabel.swift */,
			);
			path = Theme;
			sourceTree = "<group>";
		};
		A72B29121CA2DE7D00C49913 /* Ping */ = {
			isa = PBXGroup;
			children = (
			);
			path = Ping;
			sourceTree = "<group>";
		};
		A72B29131CA2DE7D00C49913 /* Profile */ = {
			isa = PBXGroup;
			children = (
			);
			path = Profile;
			sourceTree = "<group>";
		};
		A72B29141CA2DE7D00C49913 /* Projects */ = {
			isa = PBXGroup;
			children = (
			);
			path = Projects;
			sourceTree = "<group>";
		};
		A72B29151CA2DE7D00C49913 /* ReserveRoom */ = {
			isa = PBXGroup;
			children = (
			);
			path = ReserveRoom;
			sourceTree = "<group>";
		};
		A72B29161CA2DE7D00C49913 /* RobustivityTools */ = {
			isa = PBXGroup;
			children = (
			);
			path = RobustivityTools;
			sourceTree = "<group>";
		};
		A72B29171CA2DE7D00C49913 /* SendExcuse */ = {
			isa = PBXGroup;
			children = (
			);
			path = SendExcuse;
			sourceTree = "<group>";
		};
		A72B29181CA2DEA000C49913 /* AttendanceLog */ = {
			isa = PBXGroup;
			children = (
			);
			path = AttendanceLog;
			sourceTree = "<group>";
		};
		A74EC0281CA4724300A7FDEB /* Custom Views */ = {
			isa = PBXGroup;
			children = (
				1BF7AD721CAB03A70018E2B3 /* Feed */,
				1BC4E4671CAD921F008283D3 /* BaseSwipableTableCell */,
				1BC4E4621CAD9202008283D3 /* UserTableViewCell */,
				A7FD4DAC1CA5DE6400BD7332 /* Example */,
			);
			name = "Custom Views";
			sourceTree = "<group>";
		};
		A7A94EBE1C9E9321002B3991 /* Feed */ = {
			isa = PBXGroup;
			children = (
				A7A94ED11C9E9724002B3991 /* FeedViewController.swift */,
				A7A94ECF1C9E9718002B3991 /* FeedViewController.xib */,
			);
			path = Feed;
			sourceTree = "<group>";
		};
		A7A94EBF1C9E9321002B3991 /* Login */ = {
			isa = PBXGroup;
			children = (
			);
			path = Login;
			sourceTree = "<group>";
		};
		A7A94EC01C9E9321002B3991 /* More */ = {
			isa = PBXGroup;
			children = (
				A72B29131CA2DE7D00C49913 /* Profile */,
				A72B29181CA2DEA000C49913 /* AttendanceLog */,
				A72B29121CA2DE7D00C49913 /* Ping */,
				A72B29141CA2DE7D00C49913 /* Projects */,
				A72B29151CA2DE7D00C49913 /* ReserveRoom */,
				A72B29161CA2DE7D00C49913 /* RobustivityTools */,
				A72B29171CA2DE7D00C49913 /* SendExcuse */,
				A7A94EDF1C9E97D0002B3991 /* MoreViewController.swift */,
				A7A94EE01C9E97D0002B3991 /* MoreViewController.xib */,
			);
			path = More;
			sourceTree = "<group>";
		};
		A7A94EC11C9E9321002B3991 /* Planner */ = {
			isa = PBXGroup;
			children = (
				1BC4E45C1CAD91EF008283D3 /* Create Task */,
				A7A94ED31C9E9753002B3991 /* PlannerViewController.swift */,
				A7A94ED41C9E9753002B3991 /* PlannerViewController.xib */,
			);
			path = Planner;
			sourceTree = "<group>";
		};
		A7A94EC21C9E9321002B3991 /* Toggle */ = {
			isa = PBXGroup;
			children = (
				A7A94ED71C9E97B5002B3991 /* ToggleViewController.swift */,
				A7A94ED81C9E97B5002B3991 /* ToggleViewController.xib */,
			);
			path = Toggle;
			sourceTree = "<group>";
		};
		A7A94EC31C9E9342002B3991 /* Notifications */ = {
			isa = PBXGroup;
			children = (
				A7A94EDB1C9E97C2002B3991 /* NotificationsViewController.swift */,
				A7A94EDC1C9E97C2002B3991 /* NotificationsViewController.xib */,
			);
			path = Notifications;
			sourceTree = "<group>";
		};
		A7BCE7A11C7D8244007870CB = {
			isa = PBXGroup;
			children = (
				A7FD4EA81CA5E49500BD7332 /* Alamofire.xcodeproj */,
				A7BCE7AC1C7D8244007870CB /* Robustivity */,
				A7BCE7AB1C7D8244007870CB /* Products */,
			);
			sourceTree = "<group>";
		};
		A7BCE7AB1C7D8244007870CB /* Products */ = {
			isa = PBXGroup;
			children = (
				A7BCE7AA1C7D8244007870CB /* Robustivity.app */,
			);
			name = Products;
			sourceTree = "<group>";
		};
		A7BCE7AC1C7D8244007870CB /* Robustivity */ = {
			isa = PBXGroup;
			children = (
				A717E5A51CA149DF00F237DD /* Robustivity-Bridging-Header.h */,
				A717E58B1CA1485000F237DD /* API */,
				A717E5891CA1485000F237DD /* Adapters */,
				A717E5921CA1485000F237DD /* Extension */,
				A74EC0281CA4724300A7FDEB /* Custom Views */,
				A717E5931CA1485000F237DD /* Support Libraries */,
				A717E5941CA1485000F237DD /* Theme */,
				A7BCE7C01C7D834F007870CB /* Models */,
				A7BCE7C41C7D834F007870CB /* ViewControllers */,
				A7E7A2421CA2EE6E002DB6FE /* Fonts */,
				A7BCE7C51C7D834F007870CB /* Global */,
				A7BCE7AD1C7D8244007870CB /* AppDelegate.swift */,
				A7BCE7B41C7D8244007870CB /* Assets.xcassets */,
				A7BCE7B91C7D8244007870CB /* Info.plist */,
			);
			path = Robustivity;
			sourceTree = "<group>";
		};
		A7BCE7C01C7D834F007870CB /* Models */ = {
			isa = PBXGroup;
			children = (
				1BF7AD7D1CAB3D1A0018E2B3 /* Feed */,
				A717E5B41CA1816D00F237DD /* ListModel.swift */,
				A717E5B21CA17D4000F237DD /* BaseModel.swift */,
				1BF7AD821CAB4BC30018E2B3 /* UserModel.swift */,
			);
			path = Models;
			sourceTree = "<group>";
		};
		A7BCE7C41C7D834F007870CB /* ViewControllers */ = {
			isa = PBXGroup;
			children = (
				A7BCE7E51C7DAFBA007870CB /* BaseViewControllers */,
				A7A94EBF1C9E9321002B3991 /* Login */,
				A7A94EBE1C9E9321002B3991 /* Feed */,
				A7A94EC11C9E9321002B3991 /* Planner */,
				A7A94EC21C9E9321002B3991 /* Toggle */,
				A7A94EC31C9E9342002B3991 /* Notifications */,
				A7A94EC01C9E9321002B3991 /* More */,
			);
			path = ViewControllers;
			sourceTree = "<group>";
		};
		A7BCE7C51C7D834F007870CB /* Global */ = {
			isa = PBXGroup;
			children = (
				A7FD4DB91CA5DFC100BD7332 /* LaunchScreen.storyboard */,
				A717E5AE1CA1774400F237DD /* Main.storyboard */,
			);
			name = Global;
			path = Views;
			sourceTree = "<group>";
		};
		A7BCE7E51C7DAFBA007870CB /* BaseViewControllers */ = {
			isa = PBXGroup;
			children = (
				A7BCE7E71C7DAFBA007870CB /* BaseViewController.swift */,
				A717E5AC1CA1567F00F237DD /* RobustivityTabBarController.swift */,
			);
			path = BaseViewControllers;
			sourceTree = "<group>";
		};
		A7C47FF21CA3F1DD00F4FDB7 /* SDWebImage */ = {
			isa = PBXGroup;
			children = (
				A7C47FF31CA3F1EC00F4FDB7 /* MKAnnotationView+WebCache.h */,
				A7C47FF41CA3F1EC00F4FDB7 /* MKAnnotationView+WebCache.m */,
				A7C47FF51CA3F1EC00F4FDB7 /* NSData+ImageContentType.h */,
				A7C47FF61CA3F1EC00F4FDB7 /* NSData+ImageContentType.m */,
				A7C47FF71CA3F1EC00F4FDB7 /* SDImageCache.h */,
				A7C47FF81CA3F1EC00F4FDB7 /* SDImageCache.m */,
				A7C47FF91CA3F1EC00F4FDB7 /* SDWebImageCompat.h */,
				A7C47FFA1CA3F1EC00F4FDB7 /* SDWebImageCompat.m */,
				A7C47FFB1CA3F1EC00F4FDB7 /* SDWebImageDecoder.h */,
				A7C47FFC1CA3F1EC00F4FDB7 /* SDWebImageDecoder.m */,
				A7C47FFD1CA3F1EC00F4FDB7 /* SDWebImageDownloader.h */,
				A7C47FFE1CA3F1EC00F4FDB7 /* SDWebImageDownloader.m */,
				A7C47FFF1CA3F1EC00F4FDB7 /* SDWebImageDownloaderOperation.h */,
				A7C480001CA3F1EC00F4FDB7 /* SDWebImageDownloaderOperation.m */,
				A7C480011CA3F1EC00F4FDB7 /* SDWebImageManager.h */,
				A7C480021CA3F1EC00F4FDB7 /* SDWebImageManager.m */,
				A7C480031CA3F1EC00F4FDB7 /* SDWebImageOperation.h */,
				A7C480041CA3F1EC00F4FDB7 /* SDWebImagePrefetcher.h */,
				A7C480051CA3F1EC00F4FDB7 /* SDWebImagePrefetcher.m */,
				A7C480061CA3F1EC00F4FDB7 /* UIButton+WebCache.h */,
				A7C480071CA3F1EC00F4FDB7 /* UIButton+WebCache.m */,
				A7C480081CA3F1EC00F4FDB7 /* UIImage+GIF.h */,
				A7C480091CA3F1EC00F4FDB7 /* UIImage+GIF.m */,
				A7C4800A1CA3F1EC00F4FDB7 /* UIImage+MultiFormat.h */,
				A7C4800B1CA3F1EC00F4FDB7 /* UIImage+MultiFormat.m */,
				A7C4800C1CA3F1EC00F4FDB7 /* UIImage+WebP.h */,
				A7C4800D1CA3F1EC00F4FDB7 /* UIImage+WebP.m */,
				A7C4800E1CA3F1EC00F4FDB7 /* UIImageView+HighlightedWebCache.h */,
				A7C4800F1CA3F1EC00F4FDB7 /* UIImageView+HighlightedWebCache.m */,
				A7C480101CA3F1EC00F4FDB7 /* UIImageView+WebCache.h */,
				A7C480111CA3F1EC00F4FDB7 /* UIImageView+WebCache.m */,
				A7C480121CA3F1EC00F4FDB7 /* UIView+WebCacheOperation.h */,
				A7C480131CA3F1EC00F4FDB7 /* UIView+WebCacheOperation.m */,
			);
			name = SDWebImage;
			sourceTree = "<group>";
		};
		A7E7A2421CA2EE6E002DB6FE /* Fonts */ = {
			isa = PBXGroup;
			children = (
				A7E7A2431CA2EE6E002DB6FE /* MyriadPro-Bold.otf */,
				A7E7A2441CA2EE6E002DB6FE /* MyriadPro-BoldCond.otf */,
				A7E7A2451CA2EE6E002DB6FE /* MyriadPro-BoldCondIt.otf */,
				A7E7A2461CA2EE6E002DB6FE /* MyriadPro-BoldIt.otf */,
				A7E7A2471CA2EE6E002DB6FE /* MyriadPro-Cond.otf */,
				A7E7A2481CA2EE6E002DB6FE /* MyriadPro-CondIt.otf */,
				A7E7A2491CA2EE6E002DB6FE /* MyriadPro-It.otf */,
				A7E7A24A1CA2EE6E002DB6FE /* MyriadPro-Regular.otf */,
				A7E7A24B1CA2EE6E002DB6FE /* MyriadPro-Semibold.otf */,
				A7E7A24C1CA2EE6E002DB6FE /* MyriadPro-SemiboldIt.otf */,
			);
			path = Fonts;
			sourceTree = "<group>";
		};
		A7FD4DAC1CA5DE6400BD7332 /* Example */ = {
			isa = PBXGroup;
			children = (
				A7FD4DAD1CA5DE9E00BD7332 /* BaseTableViewCell.swift */,
				A7FD4DAE1CA5DE9E00BD7332 /* BaseTableViewCell.xib */,
			);
			name = Example;
			sourceTree = "<group>";
		};
		A7FD4EA91CA5E49500BD7332 /* Products */ = {
			isa = PBXGroup;
			children = (
				A7FD4EB31CA5E49500BD7332 /* Alamofire.framework */,
				A7FD4EB51CA5E49500BD7332 /* Alamofire iOS Tests.xctest */,
				A7FD4EB71CA5E49500BD7332 /* Alamofire.framework */,
				A7FD4EB91CA5E49500BD7332 /* Alamofire OSX Tests.xctest */,
				A7FD4EBB1CA5E49500BD7332 /* Alamofire.framework */,
				A7FD4EBD1CA5E49500BD7332 /* Alamofire tvOS Tests.xctest */,
				A7FD4EBF1CA5E49500BD7332 /* Alamofire.framework */,
			);
			name = Products;
			sourceTree = "<group>";
		};
/* End PBXGroup section */

/* Begin PBXNativeTarget section */
		A7BCE7A91C7D8244007870CB /* Robustivity */ = {
			isa = PBXNativeTarget;
			buildConfigurationList = A7BCE7BC1C7D8244007870CB /* Build configuration list for PBXNativeTarget "Robustivity" */;
			buildPhases = (
				A7BCE7A61C7D8244007870CB /* Sources */,
				A7BCE7A71C7D8244007870CB /* Frameworks */,
				A7BCE7A81C7D8244007870CB /* Resources */,
			);
			buildRules = (
			);
			dependencies = (
			);
			name = Robustivity;
			productName = Robustivity;
			productReference = A7BCE7AA1C7D8244007870CB /* Robustivity.app */;
			productType = "com.apple.product-type.application";
		};
/* End PBXNativeTarget section */

/* Begin PBXProject section */
		A7BCE7A21C7D8244007870CB /* Project object */ = {
			isa = PBXProject;
			attributes = {
				LastSwiftUpdateCheck = 0720;
				LastUpgradeCheck = 0720;
				ORGANIZATIONNAME = BumbleBee;
				TargetAttributes = {
					A7BCE7A91C7D8244007870CB = {
						CreatedOnToolsVersion = 7.2;
					};
				};
			};
			buildConfigurationList = A7BCE7A51C7D8244007870CB /* Build configuration list for PBXProject "Robustivity" */;
			compatibilityVersion = "Xcode 3.2";
			developmentRegion = English;
			hasScannedForEncodings = 0;
			knownRegions = (
				en,
				Base,
			);
			mainGroup = A7BCE7A11C7D8244007870CB;
			productRefGroup = A7BCE7AB1C7D8244007870CB /* Products */;
			projectDirPath = "";
			projectReferences = (
				{
					ProductGroup = A7FD4EA91CA5E49500BD7332 /* Products */;
					ProjectRef = A7FD4EA81CA5E49500BD7332 /* Alamofire.xcodeproj */;
				},
			);
			projectRoot = "";
			targets = (
				A7BCE7A91C7D8244007870CB /* Robustivity */,
			);
		};
/* End PBXProject section */

/* Begin PBXReferenceProxy section */
		A7FD4EB31CA5E49500BD7332 /* Alamofire.framework */ = {
			isa = PBXReferenceProxy;
			fileType = wrapper.framework;
			path = Alamofire.framework;
			remoteRef = A7FD4EB21CA5E49500BD7332 /* PBXContainerItemProxy */;
			sourceTree = BUILT_PRODUCTS_DIR;
		};
		A7FD4EB51CA5E49500BD7332 /* Alamofire iOS Tests.xctest */ = {
			isa = PBXReferenceProxy;
			fileType = wrapper.cfbundle;
			path = "Alamofire iOS Tests.xctest";
			remoteRef = A7FD4EB41CA5E49500BD7332 /* PBXContainerItemProxy */;
			sourceTree = BUILT_PRODUCTS_DIR;
		};
		A7FD4EB71CA5E49500BD7332 /* Alamofire.framework */ = {
			isa = PBXReferenceProxy;
			fileType = wrapper.framework;
			path = Alamofire.framework;
			remoteRef = A7FD4EB61CA5E49500BD7332 /* PBXContainerItemProxy */;
			sourceTree = BUILT_PRODUCTS_DIR;
		};
		A7FD4EB91CA5E49500BD7332 /* Alamofire OSX Tests.xctest */ = {
			isa = PBXReferenceProxy;
			fileType = wrapper.cfbundle;
			path = "Alamofire OSX Tests.xctest";
			remoteRef = A7FD4EB81CA5E49500BD7332 /* PBXContainerItemProxy */;
			sourceTree = BUILT_PRODUCTS_DIR;
		};
		A7FD4EBB1CA5E49500BD7332 /* Alamofire.framework */ = {
			isa = PBXReferenceProxy;
			fileType = wrapper.framework;
			path = Alamofire.framework;
			remoteRef = A7FD4EBA1CA5E49500BD7332 /* PBXContainerItemProxy */;
			sourceTree = BUILT_PRODUCTS_DIR;
		};
		A7FD4EBD1CA5E49500BD7332 /* Alamofire tvOS Tests.xctest */ = {
			isa = PBXReferenceProxy;
			fileType = wrapper.cfbundle;
			path = "Alamofire tvOS Tests.xctest";
			remoteRef = A7FD4EBC1CA5E49500BD7332 /* PBXContainerItemProxy */;
			sourceTree = BUILT_PRODUCTS_DIR;
		};
		A7FD4EBF1CA5E49500BD7332 /* Alamofire.framework */ = {
			isa = PBXReferenceProxy;
			fileType = wrapper.framework;
			path = Alamofire.framework;
			remoteRef = A7FD4EBE1CA5E49500BD7332 /* PBXContainerItemProxy */;
			sourceTree = BUILT_PRODUCTS_DIR;
		};
/* End PBXReferenceProxy section */

/* Begin PBXResourcesBuildPhase section */
		A7BCE7A81C7D8244007870CB /* Resources */ = {
			isa = PBXResourcesBuildPhase;
			buildActionMask = 2147483647;
			files = (
				A7A94ED01C9E9718002B3991 /* FeedViewController.xib in Resources */,
				A7E7A2541CA2EE6E002DB6FE /* MyriadPro-Regular.otf in Resources */,
				A7E7A24F1CA2EE6E002DB6FE /* MyriadPro-BoldCondIt.otf in Resources */,
				A7A94EDE1C9E97C2002B3991 /* NotificationsViewController.xib in Resources */,
				A7E7A2561CA2EE6E002DB6FE /* MyriadPro-SemiboldIt.otf in Resources */,
				1BF7AD871CAB52130018E2B3 /* CheckInFeedTableViewCell.xib in Resources */,
				A7BCE7B51C7D8244007870CB /* Assets.xcassets in Resources */,
				A7FD4DBA1CA5DFC100BD7332 /* LaunchScreen.storyboard in Resources */,
				1B8395001CAB682D000811E3 /* NotificationFeedTableViewCell.xib in Resources */,
				A7E7A2551CA2EE6E002DB6FE /* MyriadPro-Semibold.otf in Resources */,
				1BC4E4611CAD91EF008283D3 /* ChooseAssigneeViewController.xib in Resources */,
				A7A94ED61C9E9753002B3991 /* PlannerViewController.xib in Resources */,
				1BC4E4661CAD9202008283D3 /* UserTableViewCell.xib in Resources */,
				A7E7A24D1CA2EE6E002DB6FE /* MyriadPro-Bold.otf in Resources */,
				A7E7A24E1CA2EE6E002DB6FE /* MyriadPro-BoldCond.otf in Resources */,
				A7E7A2521CA2EE6E002DB6FE /* MyriadPro-CondIt.otf in Resources */,
				A7E7A2531CA2EE6E002DB6FE /* MyriadPro-It.otf in Resources */,
				1B11C2971CACA60C00445002 /* ToggleFeedTableViewCell.xib in Resources */,
				1BF7AD7A1CAB04E30018E2B3 /* BroadcastFeedTableViewCell.xib in Resources */,
				A717E5AF1CA1774400F237DD /* Main.storyboard in Resources */,
				A7E7A2501CA2EE6E002DB6FE /* MyriadPro-BoldIt.otf in Resources */,
				A7FD4DB01CA5DE9E00BD7332 /* BaseTableViewCell.xib in Resources */,
				A7E7A2511CA2EE6E002DB6FE /* MyriadPro-Cond.otf in Resources */,
				A7A94EE21C9E97D0002B3991 /* MoreViewController.xib in Resources */,
				A7A94EDA1C9E97B5002B3991 /* ToggleViewController.xib in Resources */,
			);
			runOnlyForDeploymentPostprocessing = 0;
		};
/* End PBXResourcesBuildPhase section */

/* Begin PBXSourcesBuildPhase section */
		A7BCE7A61C7D8244007870CB /* Sources */ = {
			isa = PBXSourcesBuildPhase;
			buildActionMask = 2147483647;
			files = (
				A7C4801E1CA3F1EC00F4FDB7 /* UIImage+GIF.m in Sources */,
				1BF7AD831CAB4BC30018E2B3 /* UserModel.swift in Sources */,
				A7C480281CA4102900F4FDB7 /* FeedAdapter.swift in Sources */,
				1BC4E4651CAD9202008283D3 /* UserTableViewCell.swift in Sources */,
				A74EC0231CA46A1800A7FDEB /* Comp_2+Theme.swift in Sources */,
				1BC4E46D1CAD92E6008283D3 /* UserAdapter.swift in Sources */,
				A717E59C1CA1485000F237DD /* APIConnector.swift in Sources */,
				A717E5A71CA14D2D00F237DD /* BaseAdapter.swift in Sources */,
				A717E5B31CA17D4000F237DD /* BaseModel.swift in Sources */,
				A717E59D1CA1485000F237DD /* APIConnector_Module_1.swift in Sources */,
				A7A94EDD1C9E97C2002B3991 /* NotificationsViewController.swift in Sources */,
				A74EC0241CA46A1800A7FDEB /* Comp_3+Theme.swift in Sources */,
				A7C4801D1CA3F1EC00F4FDB7 /* UIButton+WebCache.m in Sources */,
				A74EC0251CA46A1800A7FDEB /* Comp_4+Theme.swift in Sources */,
				1BC4E4691CAD921F008283D3 /* SwipableTableViewCell.swift in Sources */,
				A7A94EE11C9E97D0002B3991 /* MoreViewController.swift in Sources */,
				1BF7AD7F1CAB3DFE0018E2B3 /* BroadcastFeedModel.swift in Sources */,
				1B0B299E1CAD8968007DC5F3 /* MGSwipeButton.m in Sources */,
				A7C4801F1CA3F1EC00F4FDB7 /* UIImage+MultiFormat.m in Sources */,
				A7A94ED21C9E9724002B3991 /* FeedViewController.swift in Sources */,
				A7C480181CA3F1EC00F4FDB7 /* SDWebImageDecoder.m in Sources */,
				A7C480261CA4030900F4FDB7 /* RBLabel.swift in Sources */,
				A7FD4DAF1CA5DE9E00BD7332 /* BaseTableViewCell.swift in Sources */,
				A717E59E1CA1485000F237DD /* APIConnector_Module_2.swift in Sources */,
				1B8394FF1CAB682D000811E3 /* NotificationFeedTableViewCell.swift in Sources */,
				A7C480221CA3F1EC00F4FDB7 /* UIImageView+WebCache.m in Sources */,
				1BF7AD861CAB52130018E2B3 /* CheckInFeedTableViewCell.swift in Sources */,
				A7BCE7E91C7DAFBA007870CB /* BaseViewController.swift in Sources */,
				A7A94ED91C9E97B5002B3991 /* ToggleViewController.swift in Sources */,
				A7C480151CA3F1EC00F4FDB7 /* NSData+ImageContentType.m in Sources */,
				A7C480191CA3F1EC00F4FDB7 /* SDWebImageDownloader.m in Sources */,
				A717E5A91CA14D4800F237DD /* BaseCollectionAdapter.swift in Sources */,
				A7C480211CA3F1EC00F4FDB7 /* UIImageView+HighlightedWebCache.m in Sources */,
				A717E59F1CA1485000F237DD /* APIConnector_Module_3.swift in Sources */,
				1BF7AD811CAB3EFD0018E2B3 /* CheckInFeedModel.swift in Sources */,
				A7E7A25B1CA32524002DB6FE /* UIColor.swift in Sources */,
				1BF7AD7C1CAB3D050018E2B3 /* FeedModel.swift in Sources */,
				A717E5B51CA1816D00F237DD /* ListModel.swift in Sources */,
				1B0B299F1CAD8968007DC5F3 /* MGSwipeTableCell.m in Sources */,
				A717E5A01CA1485000F237DD /* APIConnector_Module_4.swift in Sources */,
				A7C480231CA3F1EC00F4FDB7 /* UIView+WebCacheOperation.m in Sources */,
				A74EC01F1CA469E800A7FDEB /* Comp_1+Theme.swift in Sources */,
				1BF7AD791CAB04E30018E2B3 /* BroadcastFeedTableViewCell.swift in Sources */,
				A7C480171CA3F1EC00F4FDB7 /* SDWebImageCompat.m in Sources */,
				A717E59A1CA1485000F237DD /* BaseTableAdapter.swift in Sources */,
				A7C480141CA3F1EC00F4FDB7 /* MKAnnotationView+WebCache.m in Sources */,
				1B11C2961CACA60C00445002 /* ToggleFeedTableViewCell.swift in Sources */,
				A7BCE7AE1C7D8244007870CB /* AppDelegate.swift in Sources */,
				1B8394FA1CAB6764000811E3 /* NotificationFeedModel.swift in Sources */,
				A717E5A11CA1485000F237DD /* Theme.swift in Sources */,
				A7C4801C1CA3F1EC00F4FDB7 /* SDWebImagePrefetcher.m in Sources */,
				A717E59B1CA1485000F237DD /* API.swift in Sources */,
				A7C4801A1CA3F1EC00F4FDB7 /* SDWebImageDownloaderOperation.m in Sources */,
				A7A94ED51C9E9753002B3991 /* PlannerViewController.swift in Sources */,
				A7C4801B1CA3F1EC00F4FDB7 /* SDWebImageManager.m in Sources */,
				1BC4E4601CAD91EF008283D3 /* ChooseAssigneeViewController.swift in Sources */,
				A7C480201CA3F1EC00F4FDB7 /* UIImage+WebP.m in Sources */,
				1BCB62C11CAD81E70045062E /* Circular+UIImageView.swift in Sources */,
				A717E5AD1CA1567F00F237DD /* RobustivityTabBarController.swift in Sources */,
				A7C480161CA3F1EC00F4FDB7 /* SDImageCache.m in Sources */,
			);
			runOnlyForDeploymentPostprocessing = 0;
		};
/* End PBXSourcesBuildPhase section */

/* Begin XCBuildConfiguration section */
		A7BCE7BA1C7D8244007870CB /* Debug */ = {
			isa = XCBuildConfiguration;
			buildSettings = {
				ALWAYS_SEARCH_USER_PATHS = NO;
				CLANG_CXX_LANGUAGE_STANDARD = "gnu++0x";
				CLANG_CXX_LIBRARY = "libc++";
				CLANG_ENABLE_MODULES = YES;
				CLANG_ENABLE_OBJC_ARC = YES;
				CLANG_WARN_BOOL_CONVERSION = YES;
				CLANG_WARN_CONSTANT_CONVERSION = YES;
				CLANG_WARN_DIRECT_OBJC_ISA_USAGE = YES_ERROR;
				CLANG_WARN_EMPTY_BODY = YES;
				CLANG_WARN_ENUM_CONVERSION = YES;
				CLANG_WARN_INT_CONVERSION = YES;
				CLANG_WARN_OBJC_ROOT_CLASS = YES_ERROR;
				CLANG_WARN_UNREACHABLE_CODE = YES;
				CLANG_WARN__DUPLICATE_METHOD_MATCH = YES;
				"CODE_SIGN_IDENTITY[sdk=iphoneos*]" = "iPhone Developer";
				COPY_PHASE_STRIP = NO;
				DEBUG_INFORMATION_FORMAT = dwarf;
				ENABLE_STRICT_OBJC_MSGSEND = YES;
				ENABLE_TESTABILITY = YES;
				GCC_C_LANGUAGE_STANDARD = gnu99;
				GCC_DYNAMIC_NO_PIC = NO;
				GCC_NO_COMMON_BLOCKS = YES;
				GCC_OPTIMIZATION_LEVEL = 0;
				GCC_PREPROCESSOR_DEFINITIONS = (
					"DEBUG=1",
					"$(inherited)",
				);
				GCC_WARN_64_TO_32_BIT_CONVERSION = YES;
				GCC_WARN_ABOUT_RETURN_TYPE = YES_ERROR;
				GCC_WARN_UNDECLARED_SELECTOR = YES;
				GCC_WARN_UNINITIALIZED_AUTOS = YES_AGGRESSIVE;
				GCC_WARN_UNUSED_FUNCTION = YES;
				GCC_WARN_UNUSED_VARIABLE = YES;
				IPHONEOS_DEPLOYMENT_TARGET = 9.2;
				MTL_ENABLE_DEBUG_INFO = YES;
				ONLY_ACTIVE_ARCH = YES;
				SDKROOT = iphoneos;
				SWIFT_OPTIMIZATION_LEVEL = "-Onone";
				TARGETED_DEVICE_FAMILY = "1,2";
			};
			name = Debug;
		};
		A7BCE7BB1C7D8244007870CB /* Release */ = {
			isa = XCBuildConfiguration;
			buildSettings = {
				ALWAYS_SEARCH_USER_PATHS = NO;
				CLANG_CXX_LANGUAGE_STANDARD = "gnu++0x";
				CLANG_CXX_LIBRARY = "libc++";
				CLANG_ENABLE_MODULES = YES;
				CLANG_ENABLE_OBJC_ARC = YES;
				CLANG_WARN_BOOL_CONVERSION = YES;
				CLANG_WARN_CONSTANT_CONVERSION = YES;
				CLANG_WARN_DIRECT_OBJC_ISA_USAGE = YES_ERROR;
				CLANG_WARN_EMPTY_BODY = YES;
				CLANG_WARN_ENUM_CONVERSION = YES;
				CLANG_WARN_INT_CONVERSION = YES;
				CLANG_WARN_OBJC_ROOT_CLASS = YES_ERROR;
				CLANG_WARN_UNREACHABLE_CODE = YES;
				CLANG_WARN__DUPLICATE_METHOD_MATCH = YES;
				"CODE_SIGN_IDENTITY[sdk=iphoneos*]" = "iPhone Developer";
				COPY_PHASE_STRIP = NO;
				DEBUG_INFORMATION_FORMAT = "dwarf-with-dsym";
				ENABLE_NS_ASSERTIONS = NO;
				ENABLE_STRICT_OBJC_MSGSEND = YES;
				GCC_C_LANGUAGE_STANDARD = gnu99;
				GCC_NO_COMMON_BLOCKS = YES;
				GCC_WARN_64_TO_32_BIT_CONVERSION = YES;
				GCC_WARN_ABOUT_RETURN_TYPE = YES_ERROR;
				GCC_WARN_UNDECLARED_SELECTOR = YES;
				GCC_WARN_UNINITIALIZED_AUTOS = YES_AGGRESSIVE;
				GCC_WARN_UNUSED_FUNCTION = YES;
				GCC_WARN_UNUSED_VARIABLE = YES;
				IPHONEOS_DEPLOYMENT_TARGET = 9.2;
				MTL_ENABLE_DEBUG_INFO = NO;
				SDKROOT = iphoneos;
				TARGETED_DEVICE_FAMILY = "1,2";
				VALIDATE_PRODUCT = YES;
			};
			name = Release;
		};
		A7BCE7BD1C7D8244007870CB /* Debug */ = {
			isa = XCBuildConfiguration;
			buildSettings = {
				ASSETCATALOG_COMPILER_APPICON_NAME = AppIcon;
				CLANG_ENABLE_MODULES = YES;
				INFOPLIST_FILE = Robustivity/Info.plist;
				IPHONEOS_DEPLOYMENT_TARGET = 9.0;
				LD_RUNPATH_SEARCH_PATHS = "$(inherited) @executable_path/Frameworks";
				PRODUCT_BUNDLE_IDENTIFIER = com.BumbleBee.Robustivity;
				PRODUCT_NAME = "$(TARGET_NAME)";
				SWIFT_OBJC_BRIDGING_HEADER = "$(SRCROOT)/Robustivity/Robustivity-Bridging-Header.h";
				SWIFT_OPTIMIZATION_LEVEL = "-Onone";
			};
			name = Debug;
		};
		A7BCE7BE1C7D8244007870CB /* Release */ = {
			isa = XCBuildConfiguration;
			buildSettings = {
				ASSETCATALOG_COMPILER_APPICON_NAME = AppIcon;
				CLANG_ENABLE_MODULES = YES;
				INFOPLIST_FILE = Robustivity/Info.plist;
				IPHONEOS_DEPLOYMENT_TARGET = 9.0;
				LD_RUNPATH_SEARCH_PATHS = "$(inherited) @executable_path/Frameworks";
				PRODUCT_BUNDLE_IDENTIFIER = com.BumbleBee.Robustivity;
				PRODUCT_NAME = "$(TARGET_NAME)";
				SWIFT_OBJC_BRIDGING_HEADER = "$(SRCROOT)/Robustivity/Robustivity-Bridging-Header.h";
			};
			name = Release;
		};
/* End XCBuildConfiguration section */

/* Begin XCConfigurationList section */
		A7BCE7A51C7D8244007870CB /* Build configuration list for PBXProject "Robustivity" */ = {
			isa = XCConfigurationList;
			buildConfigurations = (
				A7BCE7BA1C7D8244007870CB /* Debug */,
				A7BCE7BB1C7D8244007870CB /* Release */,
			);
			defaultConfigurationIsVisible = 0;
			defaultConfigurationName = Release;
		};
		A7BCE7BC1C7D8244007870CB /* Build configuration list for PBXNativeTarget "Robustivity" */ = {
			isa = XCConfigurationList;
			buildConfigurations = (
				A7BCE7BD1C7D8244007870CB /* Debug */,
				A7BCE7BE1C7D8244007870CB /* Release */,
			);
			defaultConfigurationIsVisible = 0;
			defaultConfigurationName = Release;
		};
/* End XCConfigurationList section */
	};
	rootObject = A7BCE7A21C7D8244007870CB /* Project object */;
}
